// !$*UTF8*$!
{
	archiveVersion = 1;
	classes = {
	};
	objectVersion = 56;
	objects = {

/* Begin PBXBuildFile section */
		2918F42229C0014A000FD72E /* CompetitiveViewController.m in Sources */ = {isa = PBXBuildFile; fileRef = 2918F42129C0014A000FD72E /* CompetitiveViewController.m */; };
		292DDFD429D012810085834E /* WinViewController.m in Sources */ = {isa = PBXBuildFile; fileRef = 292DDFD329D012810085834E /* WinViewController.m */; };
		2988A548299DBA8700DFB70D /* SudokuViewController.m in Sources */ = {isa = PBXBuildFile; fileRef = 2988A547299DBA8700DFB70D /* SudokuViewController.m */; };
		29AD4F6E29908CE300DB2A16 /* AppDelegate.m in Sources */ = {isa = PBXBuildFile; fileRef = 29AD4F6D29908CE300DB2A16 /* AppDelegate.m */; };
		29AD4F7029908CE300DB2A16 /* GameScene.sks in Resources */ = {isa = PBXBuildFile; fileRef = 29AD4F6F29908CE300DB2A16 /* GameScene.sks */; };
		29AD4F7229908CE300DB2A16 /* Actions.sks in Resources */ = {isa = PBXBuildFile; fileRef = 29AD4F7129908CE300DB2A16 /* Actions.sks */; };
		29AD4F7529908CE300DB2A16 /* GameScene.m in Sources */ = {isa = PBXBuildFile; fileRef = 29AD4F7429908CE300DB2A16 /* GameScene.m */; };
		29AD4F7829908CE300DB2A16 /* GameViewController.m in Sources */ = {isa = PBXBuildFile; fileRef = 29AD4F7729908CE300DB2A16 /* GameViewController.m */; };
		29AD4F7B29908CE300DB2A16 /* Main.storyboard in Resources */ = {isa = PBXBuildFile; fileRef = 29AD4F7929908CE300DB2A16 /* Main.storyboard */; };
		29AD4F7D29908CE400DB2A16 /* Assets.xcassets in Resources */ = {isa = PBXBuildFile; fileRef = 29AD4F7C29908CE400DB2A16 /* Assets.xcassets */; };
		29AD4F8029908CE400DB2A16 /* LaunchScreen.storyboard in Resources */ = {isa = PBXBuildFile; fileRef = 29AD4F7E29908CE400DB2A16 /* LaunchScreen.storyboard */; };
		29AD4F8229908CE400DB2A16 /* main.m in Sources */ = {isa = PBXBuildFile; fileRef = 29AD4F8129908CE400DB2A16 /* main.m */; };
		29EA4E2529AE2FF900A85F8A /* TimerManager.m in Sources */ = {isa = PBXBuildFile; fileRef = 29EA4E2429AE2FF900A85F8A /* TimerManager.m */; };
		29EA4E2F29AFB53500A85F8A /* Sudoku.h in Sources */ = {isa = PBXBuildFile; fileRef = 29EA4E2E29AFB53500A85F8A /* Sudoku.h */; };
		29EE296C2990927F00842B6B /* HomeViewController.m in Sources */ = {isa = PBXBuildFile; fileRef = 29EE296B2990927F00842B6B /* HomeViewController.m */; };
/* End PBXBuildFile section */

/* Begin PBXFileReference section */
		2918F42029C0014A000FD72E /* CompetitiveViewController.h */ = {isa = PBXFileReference; lastKnownFileType = sourcecode.c.h; path = CompetitiveViewController.h; sourceTree = "<group>"; };
		2918F42129C0014A000FD72E /* CompetitiveViewController.m */ = {isa = PBXFileReference; lastKnownFileType = sourcecode.c.objc; path = CompetitiveViewController.m; sourceTree = "<group>"; };
		2918F42329C00A4F000FD72E /* SudokuMultiplayer.h */ = {isa = PBXFileReference; lastKnownFileType = sourcecode.c.h; path = SudokuMultiplayer.h; sourceTree = "<group>"; };
		292DDFD229D012810085834E /* WinViewController.h */ = {isa = PBXFileReference; lastKnownFileType = sourcecode.c.h; path = WinViewController.h; sourceTree = "<group>"; };
		292DDFD329D012810085834E /* WinViewController.m */ = {isa = PBXFileReference; lastKnownFileType = sourcecode.c.objc; path = WinViewController.m; sourceTree = "<group>"; };
		2988A546299DBA8700DFB70D /* SudokuViewController.h */ = {isa = PBXFileReference; lastKnownFileType = sourcecode.c.h; path = SudokuViewController.h; sourceTree = "<group>"; };
		2988A547299DBA8700DFB70D /* SudokuViewController.m */ = {isa = PBXFileReference; lastKnownFileType = sourcecode.c.objc; path = SudokuViewController.m; sourceTree = "<group>"; };
		29AD4F6929908CE300DB2A16 /* SudokuGame.app */ = {isa = PBXFileReference; explicitFileType = wrapper.application; includeInIndex = 0; path = SudokuGame.app; sourceTree = BUILT_PRODUCTS_DIR; };
		29AD4F6C29908CE300DB2A16 /* AppDelegate.h */ = {isa = PBXFileReference; lastKnownFileType = sourcecode.c.h; path = AppDelegate.h; sourceTree = "<group>"; };
		29AD4F6D29908CE300DB2A16 /* AppDelegate.m */ = {isa = PBXFileReference; lastKnownFileType = sourcecode.c.objc; path = AppDelegate.m; sourceTree = "<group>"; };
		29AD4F6F29908CE300DB2A16 /* GameScene.sks */ = {isa = PBXFileReference; lastKnownFileType = file.sks; path = GameScene.sks; sourceTree = "<group>"; };
		29AD4F7129908CE300DB2A16 /* Actions.sks */ = {isa = PBXFileReference; lastKnownFileType = file.sks; path = Actions.sks; sourceTree = "<group>"; };
		29AD4F7329908CE300DB2A16 /* GameScene.h */ = {isa = PBXFileReference; lastKnownFileType = sourcecode.c.h; path = GameScene.h; sourceTree = "<group>"; };
		29AD4F7429908CE300DB2A16 /* GameScene.m */ = {isa = PBXFileReference; lastKnownFileType = sourcecode.c.objc; path = GameScene.m; sourceTree = "<group>"; };
		29AD4F7629908CE300DB2A16 /* GameViewController.h */ = {isa = PBXFileReference; lastKnownFileType = sourcecode.c.h; path = GameViewController.h; sourceTree = "<group>"; };
		29AD4F7729908CE300DB2A16 /* GameViewController.m */ = {isa = PBXFileReference; lastKnownFileType = sourcecode.c.objc; path = GameViewController.m; sourceTree = "<group>"; };
		29AD4F7A29908CE300DB2A16 /* Base */ = {isa = PBXFileReference; lastKnownFileType = file.storyboard; name = Base; path = Base.lproj/Main.storyboard; sourceTree = "<group>"; };
		29AD4F7C29908CE400DB2A16 /* Assets.xcassets */ = {isa = PBXFileReference; lastKnownFileType = folder.assetcatalog; path = Assets.xcassets; sourceTree = "<group>"; };
		29AD4F7F29908CE400DB2A16 /* Base */ = {isa = PBXFileReference; lastKnownFileType = file.storyboard; name = Base; path = Base.lproj/LaunchScreen.storyboard; sourceTree = "<group>"; };
		29AD4F8129908CE400DB2A16 /* main.m */ = {isa = PBXFileReference; lastKnownFileType = sourcecode.c.objc; path = main.m; sourceTree = "<group>"; };
		29EA4E2429AE2FF900A85F8A /* TimerManager.m */ = {isa = PBXFileReference; lastKnownFileType = sourcecode.c.objc; path = TimerManager.m; sourceTree = "<group>"; };
		29EA4E2629AE301000A85F8A /* TimerManager.h */ = {isa = PBXFileReference; lastKnownFileType = sourcecode.c.h; path = TimerManager.h; sourceTree = "<group>"; };
		29EA4E2E29AFB53500A85F8A /* Sudoku.h */ = {isa = PBXFileReference; lastKnownFileType = sourcecode.c.h; path = Sudoku.h; sourceTree = "<group>"; };
		29EE296A2990927F00842B6B /* HomeViewController.h */ = {isa = PBXFileReference; lastKnownFileType = sourcecode.c.h; path = HomeViewController.h; sourceTree = "<group>"; };
		29EE296B2990927F00842B6B /* HomeViewController.m */ = {isa = PBXFileReference; lastKnownFileType = sourcecode.c.objc; path = HomeViewController.m; sourceTree = "<group>"; };
/* End PBXFileReference section */

/* Begin PBXFrameworksBuildPhase section */
		29AD4F6629908CE300DB2A16 /* Frameworks */ = {
			isa = PBXFrameworksBuildPhase;
			buildActionMask = 2147483647;
			files = (
			);
			runOnlyForDeploymentPostprocessing = 0;
		};
/* End PBXFrameworksBuildPhase section */

/* Begin PBXGroup section */
		29AD4F6029908CE200DB2A16 = {
			isa = PBXGroup;
			children = (
				29AD4F6B29908CE300DB2A16 /* SudokuGame */,
				29AD4F6A29908CE300DB2A16 /* Products */,
			);
			sourceTree = "<group>";
		};
		29AD4F6A29908CE300DB2A16 /* Products */ = {
			isa = PBXGroup;
			children = (
				29AD4F6929908CE300DB2A16 /* SudokuGame.app */,
			);
			name = Products;
			sourceTree = "<group>";
		};
		29AD4F6B29908CE300DB2A16 /* SudokuGame */ = {
			isa = PBXGroup;
			children = (
				29AD4F6C29908CE300DB2A16 /* AppDelegate.h */,
				29AD4F6D29908CE300DB2A16 /* AppDelegate.m */,
				29AD4F6F29908CE300DB2A16 /* GameScene.sks */,
				29AD4F7129908CE300DB2A16 /* Actions.sks */,
				29AD4F7329908CE300DB2A16 /* GameScene.h */,
				29AD4F7429908CE300DB2A16 /* GameScene.m */,
				29AD4F7629908CE300DB2A16 /* GameViewController.h */,
				29AD4F7729908CE300DB2A16 /* GameViewController.m */,
				29AD4F7929908CE300DB2A16 /* Main.storyboard */,
				292DDFD229D012810085834E /* WinViewController.h */,
				292DDFD329D012810085834E /* WinViewController.m */,
				2918F42029C0014A000FD72E /* CompetitiveViewController.h */,
				2918F42129C0014A000FD72E /* CompetitiveViewController.m */,
				29AD4F7C29908CE400DB2A16 /* Assets.xcassets */,
				29AD4F7E29908CE400DB2A16 /* LaunchScreen.storyboard */,
				29EA4E2E29AFB53500A85F8A /* Sudoku.h */,
				2918F42329C00A4F000FD72E /* SudokuMultiplayer.h */,
				29AD4F8129908CE400DB2A16 /* main.m */,
				29EE296A2990927F00842B6B /* HomeViewController.h */,
				29EE296B2990927F00842B6B /* HomeViewController.m */,
				2988A546299DBA8700DFB70D /* SudokuViewController.h */,
				2988A547299DBA8700DFB70D /* SudokuViewController.m */,
				29EA4E2429AE2FF900A85F8A /* TimerManager.m */,
				29EA4E2629AE301000A85F8A /* TimerManager.h */,
			);
			path = SudokuGame;
			sourceTree = "<group>";
		};
/* End PBXGroup section */

/* Begin PBXNativeTarget section */
		29AD4F6829908CE300DB2A16 /* SudokuGame */ = {
			isa = PBXNativeTarget;
			buildConfigurationList = 29AD4F8529908CE400DB2A16 /* Build configuration list for PBXNativeTarget "SudokuGame" */;
			buildPhases = (
				29AD4F6529908CE300DB2A16 /* Sources */,
				29AD4F6629908CE300DB2A16 /* Frameworks */,
				29AD4F6729908CE300DB2A16 /* Resources */,
			);
			buildRules = (
			);
			dependencies = (
			);
			name = SudokuGame;
			productName = SudokuGame;
			productReference = 29AD4F6929908CE300DB2A16 /* SudokuGame.app */;
			productType = "com.apple.product-type.application";
		};
/* End PBXNativeTarget section */

/* Begin PBXProject section */
		29AD4F6129908CE200DB2A16 /* Project object */ = {
			isa = PBXProject;
			attributes = {
				BuildIndependentTargetsInParallel = 1;
				LastUpgradeCheck = 1420;
				TargetAttributes = {
					29AD4F6829908CE300DB2A16 = {
						CreatedOnToolsVersion = 14.2;
					};
				};
			};
			buildConfigurationList = 29AD4F6429908CE200DB2A16 /* Build configuration list for PBXProject "SudokuGame" */;
			compatibilityVersion = "Xcode 14.0";
			developmentRegion = en;
			hasScannedForEncodings = 0;
			knownRegions = (
				en,
				Base,
			);
			mainGroup = 29AD4F6029908CE200DB2A16;
			productRefGroup = 29AD4F6A29908CE300DB2A16 /* Products */;
			projectDirPath = "";
			projectRoot = "";
			targets = (
				29AD4F6829908CE300DB2A16 /* SudokuGame */,
			);
		};
/* End PBXProject section */

/* Begin PBXResourcesBuildPhase section */
		29AD4F6729908CE300DB2A16 /* Resources */ = {
			isa = PBXResourcesBuildPhase;
			buildActionMask = 2147483647;
			files = (
				29AD4F7B29908CE300DB2A16 /* Main.storyboard in Resources */,
				29AD4F7029908CE300DB2A16 /* GameScene.sks in Resources */,
				29AD4F7D29908CE400DB2A16 /* Assets.xcassets in Resources */,
				29AD4F8029908CE400DB2A16 /* LaunchScreen.storyboard in Resources */,
				29AD4F7229908CE300DB2A16 /* Actions.sks in Resources */,
			);
			runOnlyForDeploymentPostprocessing = 0;
		};
/* End PBXResourcesBuildPhase section */

/* Begin PBXSourcesBuildPhase section */
		29AD4F6529908CE300DB2A16 /* Sources */ = {
			isa = PBXSourcesBuildPhase;
			buildActionMask = 2147483647;
			files = (
				29AD4F7529908CE300DB2A16 /* GameScene.m in Sources */,
				29EA4E2F29AFB53500A85F8A /* Sudoku.h in Sources */,
				29AD4F7829908CE300DB2A16 /* GameViewController.m in Sources */,
				29AD4F8229908CE400DB2A16 /* main.m in Sources */,
				2988A548299DBA8700DFB70D /* SudokuViewController.m in Sources */,
				29EE296C2990927F00842B6B /* HomeViewController.m in Sources */,
				29EA4E2529AE2FF900A85F8A /* TimerManager.m in Sources */,
				292DDFD429D012810085834E /* WinViewController.m in Sources */,
				2918F42229C0014A000FD72E /* CompetitiveViewController.m in Sources */,
				29AD4F6E29908CE300DB2A16 /* AppDelegate.m in Sources */,
			);
			runOnlyForDeploymentPostprocessing = 0;
		};
/* End PBXSourcesBuildPhase section */

/* Begin PBXVariantGroup section */
		29AD4F7929908CE300DB2A16 /* Main.storyboard */ = {
			isa = PBXVariantGroup;
			children = (
				29AD4F7A29908CE300DB2A16 /* Base */,
			);
			name = Main.storyboard;
			sourceTree = "<group>";
		};
		29AD4F7E29908CE400DB2A16 /* LaunchScreen.storyboard */ = {
			isa = PBXVariantGroup;
			children = (
				29AD4F7F29908CE400DB2A16 /* Base */,
			);
			name = LaunchScreen.storyboard;
			sourceTree = "<group>";
		};
/* End PBXVariantGroup section */

/* Begin XCBuildConfiguration section */
		29AD4F8329908CE400DB2A16 /* Debug */ = {
			isa = XCBuildConfiguration;
			buildSettings = {
				ALWAYS_SEARCH_USER_PATHS = NO;
				CLANG_ANALYZER_NONNULL = YES;
				CLANG_ANALYZER_NUMBER_OBJECT_CONVERSION = YES_AGGRESSIVE;
				CLANG_CXX_LANGUAGE_STANDARD = "gnu++20";
				CLANG_ENABLE_MODULES = YES;
				CLANG_ENABLE_OBJC_ARC = YES;
				CLANG_ENABLE_OBJC_WEAK = YES;
				CLANG_WARN_BLOCK_CAPTURE_AUTORELEASING = YES;
				CLANG_WARN_BOOL_CONVERSION = YES;
				CLANG_WARN_COMMA = YES;
				CLANG_WARN_CONSTANT_CONVERSION = YES;
				CLANG_WARN_DEPRECATED_OBJC_IMPLEMENTATIONS = YES;
				CLANG_WARN_DIRECT_OBJC_ISA_USAGE = YES_ERROR;
				CLANG_WARN_DOCUMENTATION_COMMENTS = YES;
				CLANG_WARN_EMPTY_BODY = YES;
				CLANG_WARN_ENUM_CONVERSION = YES;
				CLANG_WARN_INFINITE_RECURSION = YES;
				CLANG_WARN_INT_CONVERSION = YES;
				CLANG_WARN_NON_LITERAL_NULL_CONVERSION = YES;
				CLANG_WARN_OBJC_IMPLICIT_RETAIN_SELF = YES;
				CLANG_WARN_OBJC_LITERAL_CONVERSION = YES;
				CLANG_WARN_OBJC_ROOT_CLASS = YES_ERROR;
				CLANG_WARN_QUOTED_INCLUDE_IN_FRAMEWORK_HEADER = YES;
				CLANG_WARN_RANGE_LOOP_ANALYSIS = YES;
				CLANG_WARN_STRICT_PROTOTYPES = YES;
				CLANG_WARN_SUSPICIOUS_MOVE = YES;
				CLANG_WARN_UNGUARDED_AVAILABILITY = YES_AGGRESSIVE;
				CLANG_WARN_UNREACHABLE_CODE = YES;
				CLANG_WARN__DUPLICATE_METHOD_MATCH = YES;
				COPY_PHASE_STRIP = NO;
				DEBUG_INFORMATION_FORMAT = dwarf;
				ENABLE_STRICT_OBJC_MSGSEND = YES;
				ENABLE_TESTABILITY = YES;
				GCC_C_LANGUAGE_STANDARD = gnu11;
				GCC_DYNAMIC_NO_PIC = NO;
				GCC_NO_COMMON_BLOCKS = YES;
				GCC_OPTIMIZATION_LEVEL = 0;
				GCC_PREPROCESSOR_DEFINITIONS = (
					"DEBUG=1",
					"$(inherited)",
				);
				GCC_WARN_64_TO_32_BIT_CONVERSION = YES;
				GCC_WARN_ABOUT_RETURN_TYPE = YES_ERROR;
				GCC_WARN_UNDECLARED_SELECTOR = YES;
				GCC_WARN_UNINITIALIZED_AUTOS = YES_AGGRESSIVE;
				GCC_WARN_UNUSED_FUNCTION = YES;
				GCC_WARN_UNUSED_VARIABLE = YES;
				IPHONEOS_DEPLOYMENT_TARGET = 16.2;
				MTL_ENABLE_DEBUG_INFO = INCLUDE_SOURCE;
				MTL_FAST_MATH = YES;
				ONLY_ACTIVE_ARCH = YES;
				SDKROOT = iphoneos;
			};
			name = Debug;
		};
		29AD4F8429908CE400DB2A16 /* Release */ = {
			isa = XCBuildConfiguration;
			buildSettings = {
				ALWAYS_SEARCH_USER_PATHS = NO;
				CLANG_ANALYZER_NONNULL = YES;
				CLANG_ANALYZER_NUMBER_OBJECT_CONVERSION = YES_AGGRESSIVE;
				CLANG_CXX_LANGUAGE_STANDARD = "gnu++20";
				CLANG_ENABLE_MODULES = YES;
				CLANG_ENABLE_OBJC_ARC = YES;
				CLANG_ENABLE_OBJC_WEAK = YES;
				CLANG_WARN_BLOCK_CAPTURE_AUTORELEASING = YES;
				CLANG_WARN_BOOL_CONVERSION = YES;
				CLANG_WARN_COMMA = YES;
				CLANG_WARN_CONSTANT_CONVERSION = YES;
				CLANG_WARN_DEPRECATED_OBJC_IMPLEMENTATIONS = YES;
				CLANG_WARN_DIRECT_OBJC_ISA_USAGE = YES_ERROR;
				CLANG_WARN_DOCUMENTATION_COMMENTS = YES;
				CLANG_WARN_EMPTY_BODY = YES;
				CLANG_WARN_ENUM_CONVERSION = YES;
				CLANG_WARN_INFINITE_RECURSION = YES;
				CLANG_WARN_INT_CONVERSION = YES;
				CLANG_WARN_NON_LITERAL_NULL_CONVERSION = YES;
				CLANG_WARN_OBJC_IMPLICIT_RETAIN_SELF = YES;
				CLANG_WARN_OBJC_LITERAL_CONVERSION = YES;
				CLANG_WARN_OBJC_ROOT_CLASS = YES_ERROR;
				CLANG_WARN_QUOTED_INCLUDE_IN_FRAMEWORK_HEADER = YES;
				CLANG_WARN_RANGE_LOOP_ANALYSIS = YES;
				CLANG_WARN_STRICT_PROTOTYPES = YES;
				CLANG_WARN_SUSPICIOUS_MOVE = YES;
				CLANG_WARN_UNGUARDED_AVAILABILITY = YES_AGGRESSIVE;
				CLANG_WARN_UNREACHABLE_CODE = YES;
				CLANG_WARN__DUPLICATE_METHOD_MATCH = YES;
				COPY_PHASE_STRIP = NO;
				DEBUG_INFORMATION_FORMAT = "dwarf-with-dsym";
				ENABLE_NS_ASSERTIONS = NO;
				ENABLE_STRICT_OBJC_MSGSEND = YES;
				GCC_C_LANGUAGE_STANDARD = gnu11;
				GCC_NO_COMMON_BLOCKS = YES;
				GCC_WARN_64_TO_32_BIT_CONVERSION = YES;
				GCC_WARN_ABOUT_RETURN_TYPE = YES_ERROR;
				GCC_WARN_UNDECLARED_SELECTOR = YES;
				GCC_WARN_UNINITIALIZED_AUTOS = YES_AGGRESSIVE;
				GCC_WARN_UNUSED_FUNCTION = YES;
				GCC_WARN_UNUSED_VARIABLE = YES;
				IPHONEOS_DEPLOYMENT_TARGET = 16.2;
				MTL_ENABLE_DEBUG_INFO = NO;
				MTL_FAST_MATH = YES;
				SDKROOT = iphoneos;
				VALIDATE_PRODUCT = YES;
			};
			name = Release;
		};
		29AD4F8629908CE400DB2A16 /* Debug */ = {
			isa = XCBuildConfiguration;
			buildSettings = {
				ASSETCATALOG_COMPILER_APPICON_NAME = AppIcon;
				ASSETCATALOG_COMPILER_GLOBAL_ACCENT_COLOR_NAME = AccentColor;
				CODE_SIGN_STYLE = Automatic;
				CURRENT_PROJECT_VERSION = 1;
				GENERATE_INFOPLIST_FILE = YES;
				INFOPLIST_KEY_UIApplicationSupportsIndirectInputEvents = YES;
				INFOPLIST_KEY_UILaunchStoryboardName = LaunchScreen;
				INFOPLIST_KEY_UIMainStoryboardFile = Main;
				INFOPLIST_KEY_UIStatusBarHidden = YES;
				INFOPLIST_KEY_UISupportedInterfaceOrientations_iPad = "UIInterfaceOrientationPortrait UIInterfaceOrientationPortraitUpsideDown UIInterfaceOrientationLandscapeLeft UIInterfaceOrientationLandscapeRight";
				INFOPLIST_KEY_UISupportedInterfaceOrientations_iPhone = "UIInterfaceOrientationPortrait UIInterfaceOrientationLandscapeLeft UIInterfaceOrientationLandscapeRight";
				LD_RUNPATH_SEARCH_PATHS = (
					"$(inherited)",
					"@executable_path/Frameworks",
				);
				MARKETING_VERSION = 1.0;
				PRODUCT_BUNDLE_IDENTIFIER = com.RollsReus.SudokuGame;
				PRODUCT_NAME = "$(TARGET_NAME)";
				SWIFT_EMIT_LOC_STRINGS = YES;
				TARGETED_DEVICE_FAMILY = "1,2";
			};
			name = Debug;
		};
		29AD4F8729908CE400DB2A16 /* Release */ = {
			isa = XCBuildConfiguration;
			buildSettings = {
				ASSETCATALOG_COMPILER_APPICON_NAME = AppIcon;
				ASSETCATALOG_COMPILER_GLOBAL_ACCENT_COLOR_NAME = AccentColor;
				CODE_SIGN_STYLE = Automatic;
				CURRENT_PROJECT_VERSION = 1;
				GENERATE_INFOPLIST_FILE = YES;
				INFOPLIST_KEY_UIApplicationSupportsIndirectInputEvents = YES;
				INFOPLIST_KEY_UILaunchStoryboardName = LaunchScreen;
				INFOPLIST_KEY_UIMainStoryboardFile = Main;
				INFOPLIST_KEY_UIStatusBarHidden = YES;
				INFOPLIST_KEY_UISupportedInterfaceOrientations_iPad = "UIInterfaceOrientationPortrait UIInterfaceOrientationPortraitUpsideDown UIInterfaceOrientationLandscapeLeft UIInterfaceOrientationLandscapeRight";
				INFOPLIST_KEY_UISupportedInterfaceOrientations_iPhone = "UIInterfaceOrientationPortrait UIInterfaceOrientationLandscapeLeft UIInterfaceOrientationLandscapeRight";
				LD_RUNPATH_SEARCH_PATHS = (
					"$(inherited)",
					"@executable_path/Frameworks",
				);
				MARKETING_VERSION = 1.0;
				PRODUCT_BUNDLE_IDENTIFIER = com.RollsReus.SudokuGame;
				PRODUCT_NAME = "$(TARGET_NAME)";
				SWIFT_EMIT_LOC_STRINGS = YES;
				TARGETED_DEVICE_FAMILY = "1,2";
			};
			name = Release;
		};
/* End XCBuildConfiguration section */

/* Begin XCConfigurationList section */
		29AD4F6429908CE200DB2A16 /* Build configuration list for PBXProject "SudokuGame" */ = {
			isa = XCConfigurationList;
			buildConfigurations = (
				29AD4F8329908CE400DB2A16 /* Debug */,
				29AD4F8429908CE400DB2A16 /* Release */,
			);
			defaultConfigurationIsVisible = 0;
			defaultConfigurationName = Release;
		};
		29AD4F8529908CE400DB2A16 /* Build configuration list for PBXNativeTarget "SudokuGame" */ = {
			isa = XCConfigurationList;
			buildConfigurations = (
				29AD4F8629908CE400DB2A16 /* Debug */,
				29AD4F8729908CE400DB2A16 /* Release */,
			);
			defaultConfigurationIsVisible = 0;
			defaultConfigurationName = Release;
		};
/* End XCConfigurationList section */
	};
	rootObject = 29AD4F6129908CE200DB2A16 /* Project object */;
}
